{
  "name": "fitbit_tinker",
  "lockfileVersion": 2,
  "requires": true,
  "packages": {
    "": {
      "dependencies": {
        "fitfont": "^1.3.3"
      }
    },
    "node_modules/code-point-at": {
      "version": "1.1.0",
      "resolved": "https://registry.npmjs.org/code-point-at/-/code-point-at-1.1.0.tgz",
      "integrity": "sha512-RpAVKQA5T63xEj6/giIbUEtZwJ4UFIc3ZtvEkiaUERylqe8xb5IvqcgOurZLahv93CLKfxcw5YI+DZcUBRyLXA==",
      "engines": {
        "node": ">=0.10.0"
      }
    },
    "node_modules/fitfont": {
      "version": "1.3.3",
      "resolved": "https://registry.npmjs.org/fitfont/-/fitfont-1.3.3.tgz",
      "integrity": "sha512-tHVoT9OxLpkcnQgISOxjTkZfKA2rJ0Ahslggmnq2sxiaeXge+WDH02VlRq5QK54qkwqhYTemmmF/LJdJFVoXIg==",
      "hasInstallScript": true,
      "dependencies": {
        "python-shell": "^1.0.4",
        "readline2": "^1.0.1"
      },
      "bin": {
        "fitfont-generate": "bin/generate.js"
      }
    },
    "node_modules/is-fullwidth-code-point": {
      "version": "1.0.0",
      "resolved": "https://registry.npmjs.org/is-fullwidth-code-point/-/is-fullwidth-code-point-1.0.0.tgz",
      "integrity": "sha512-1pqUqRjkhPJ9miNq9SwMfdvi6lBJcd6eFxvfaivQhaH3SgisfiuudvFntdKOmxuee/77l+FPjKrQjWvmPjWrRw==",
      "dependencies": {
        "number-is-nan": "^1.0.0"
      },
      "engines": {
        "node": ">=0.10.0"
      }
    },
    "node_modules/mute-stream": {
      "version": "0.0.5",
      "resolved": "https://registry.npmjs.org/mute-stream/-/mute-stream-0.0.5.tgz",
      "integrity": "sha512-EbrziT4s8cWPmzr47eYVW3wimS4HsvlnV5ri1xw1aR6JQo/OrJX5rkl32K/QQHdxeabJETtfeaROGhd8W7uBgg=="
    },
    "node_modules/number-is-nan": {
      "version": "1.0.1",
      "resolved": "https://registry.npmjs.org/number-is-nan/-/number-is-nan-1.0.1.tgz",
      "integrity": "sha512-4jbtZXNAsfZbAHiiqjLPBiCl16dES1zI4Hpzzxw61Tk+loF+sBDBKx1ICKKKwIqQ7M0mFn1TmkN7euSncWgHiQ==",
      "engines": {
        "node": ">=0.10.0"
      }
    },
    "node_modules/python-shell": {
      "version": "1.0.8",
      "resolved": "https://registry.npmjs.org/python-shell/-/python-shell-1.0.8.tgz",
      "integrity": "sha512-jMKagerg3alm6j+Prq5t/M3dTgEppy5vC6ns+LqAjfuHiT8olfK3PMokpqpeEcWEqvDnUcAOhp6SQzaLBtTzRw==",
      "engines": {
        "node": ">=0.10"
      }
    },
    "node_modules/readline2": {
      "version": "1.0.1",
      "resolved": "https://registry.npmjs.org/readline2/-/readline2-1.0.1.tgz",
      "integrity": "sha512-8/td4MmwUB6PkZUbV25uKz7dfrmjYWxsW8DVfibWdlHRk/l/DfHKn4pU+dfcoGLFgWOdyGCzINRQD7jn+Bv+/g==",
      "dependencies": {
        "code-point-at": "^1.0.0",
        "is-fullwidth-code-point": "^1.0.0",
        "mute-stream": "0.0.5"
      }
    }
  },
  "dependencies": {
    "code-point-at": {
      "version": "1.1.0",
      "resolved": "https://registry.npmjs.org/code-point-at/-/code-point-at-1.1.0.tgz",
      "integrity": "sha512-RpAVKQA5T63xEj6/giIbUEtZwJ4UFIc3ZtvEkiaUERylqe8xb5IvqcgOurZLahv93CLKfxcw5YI+DZcUBRyLXA=="
    },
    "fitfont": {
      "version": "1.3.3",
      "resolved": "https://registry.npmjs.org/fitfont/-/fitfont-1.3.3.tgz",
      "integrity": "sha512-tHVoT9OxLpkcnQgISOxjTkZfKA2rJ0Ahslggmnq2sxiaeXge+WDH02VlRq5QK54qkwqhYTemmmF/LJdJFVoXIg==",
      "requires": {
        "python-shell": "^1.0.4",
        "readline2": "^1.0.1"
      }
    },
    "is-fullwidth-code-point": {
      "version": "1.0.0",
      "resolved": "https://registry.npmjs.org/is-fullwidth-code-point/-/is-fullwidth-code-point-1.0.0.tgz",
      "integrity": "sha512-1pqUqRjkhPJ9miNq9SwMfdvi6lBJcd6eFxvfaivQhaH3SgisfiuudvFntdKOmxuee/77l+FPjKrQjWvmPjWrRw==",
      "requires": {
        "number-is-nan": "^1.0.0"
      }
    },
    "mute-stream": {
      "version": "0.0.5",
      "resolved": "https://registry.npmjs.org/mute-stream/-/mute-stream-0.0.5.tgz",
      "integrity": "sha512-EbrziT4s8cWPmzr47eYVW3wimS4HsvlnV5ri1xw1aR6JQo/OrJX5rkl32K/QQHdxeabJETtfeaROGhd8W7uBgg=="
    },
    "number-is-nan": {
      "version": "1.0.1",
      "resolved": "https://registry.npmjs.org/number-is-nan/-/number-is-nan-1.0.1.tgz",
      "integrity": "sha512-4jbtZXNAsfZbAHiiqjLPBiCl16dES1zI4Hpzzxw61Tk+loF+sBDBKx1ICKKKwIqQ7M0mFn1TmkN7euSncWgHiQ=="
    },
    "python-shell": {
      "version": "1.0.8",
      "resolved": "https://registry.npmjs.org/python-shell/-/python-shell-1.0.8.tgz",
      "integrity": "sha512-jMKagerg3alm6j+Prq5t/M3dTgEppy5vC6ns+LqAjfuHiT8olfK3PMokpqpeEcWEqvDnUcAOhp6SQzaLBtTzRw=="
    },
    "readline2": {
      "version": "1.0.1",
      "resolved": "https://registry.npmjs.org/readline2/-/readline2-1.0.1.tgz",
      "integrity": "sha512-8/td4MmwUB6PkZUbV25uKz7dfrmjYWxsW8DVfibWdlHRk/l/DfHKn4pU+dfcoGLFgWOdyGCzINRQD7jn+Bv+/g==",
      "requires": {
        "code-point-at": "^1.0.0",
        "is-fullwidth-code-point": "^1.0.0",
        "mute-stream": "0.0.5"
      }
    }
  }
}
